
Microsoft Visual Studio Solution File, Format Version 12.00
# Visual Studio Version 17
VisualStudioVersion = 17.2.32630.192
MinimumVisualStudioVersion = 10.0.40219.1
Project("{9A19103F-16F7-4668-BE54-9A1E7A4F7556}") = "NTangle", "src\NTangle\NTangle.csproj", "{3DE3E0B8-4078-422C-B331-F14BC779489F}"
EndProject
Project("{2150E333-8FDC-42A3-9474-1A3956D46DE8}") = "Tests", "Tests", "{07E22463-39F6-4CBC-9790-CF858A88091F}"
EndProject
Project("{2150E333-8FDC-42A3-9474-1A3956D46DE8}") = "Solution Items", "Solution Items", "{8E857EA7-5ADC-4FD3-BAAE-EC8DC07AFCF1}"
	ProjectSection(SolutionItems) = preProject
		.gitignore = .gitignore
		CHANGELOG.md = CHANGELOG.md
		CODE_OF_CONDUCT.md = CODE_OF_CONDUCT.md
		CONTRIBUTING.md = CONTRIBUTING.md
		LICENSE = LICENSE
		nuget-publish.ps1 = nuget-publish.ps1
		README.md = README.md
		SECURITY.md = SECURITY.md
	EndProjectSection
EndProject
Project("{9A19103F-16F7-4668-BE54-9A1E7A4F7556}") = "NTangle.Test", "tests\NTangle.Test\NTangle.Test.csproj", "{F2B7EC0C-9268-4E15-B014-6598682BFF4A}"
EndProject
Project("{2150E333-8FDC-42A3-9474-1A3956D46DE8}") = "Samples", "Samples", "{3A0B49DA-7D84-4B96-A4F3-FAF77C3E2FB3}"
EndProject
Project("{2150E333-8FDC-42A3-9474-1A3956D46DE8}") = "SqlServerDemo", "SqlServerDemo", "{54E2D3C7-1AC1-4EA6-A8CA-42EC12A6E299}"
EndProject
Project("{9A19103F-16F7-4668-BE54-9A1E7A4F7556}") = "SqlServerDemo.CodeGen", "samples\SqlServerDemo\SqlServerDemo.CodeGen\SqlServerDemo.CodeGen.csproj", "{1335C8D9-27AF-4BA2-AAB3-620841FCAEE9}"
EndProject
Project("{9A19103F-16F7-4668-BE54-9A1E7A4F7556}") = "SqlServerDemo.Publisher", "samples\SqlServerDemo\SqlServerDemo.Publisher\SqlServerDemo.Publisher.csproj", "{3BA33E87-F92A-444E-A67D-224A9BC605E3}"
EndProject
Project("{9A19103F-16F7-4668-BE54-9A1E7A4F7556}") = "SqlServerDemo.Test", "samples\SqlServerDemo\SqlServerDemo.Test\SqlServerDemo.Test.csproj", "{A5F7177D-3747-45DF-BAF0-1E5F466A8C3C}"
EndProject
Project("{2150E333-8FDC-42A3-9474-1A3956D46DE8}") = "Tools", "Tools", "{780B69CA-D467-45CF-B115-A3FEB0B88BD1}"
EndProject
Project("{9A19103F-16F7-4668-BE54-9A1E7A4F7556}") = "NTangle.ArtefactGenerate.Tool", "tools\NTangle.ArtefactGenerate.Tool\NTangle.ArtefactGenerate.Tool.csproj", "{D43AAE26-31A4-4F9B-9521-0A7CEB776386}"
EndProject
Project("{2150E333-8FDC-42A3-9474-1A3956D46DE8}") = "Schemas", "Schemas", "{4715F738-C8FE-49C4-8F18-83875CF4D974}"
	ProjectSection(SolutionItems) = preProject
		schemas\ntangle.json = schemas\ntangle.json
	EndProjectSection
EndProject
Project("{2150E333-8FDC-42A3-9474-1A3956D46DE8}") = "Docs", "Docs", "{5B2FCA11-CC69-40D7-9FC3-DC7707C77D45}"
	ProjectSection(SolutionItems) = preProject
		docs\SqlServer.md = docs\SqlServer.md
	EndProjectSection
EndProject
Project("{2150E333-8FDC-42A3-9474-1A3956D46DE8}") = "Generated", "Generated", "{54D9318B-8D30-41FF-A5DD-554C13AC62F3}"
	ProjectSection(SolutionItems) = preProject
		docs\generated\join.md = docs\generated\join.md
		docs\generated\joinmapping.md = docs\generated\joinmapping.md
		docs\generated\joinon.md = docs\generated\joinon.md
		docs\generated\root.md = docs\generated\root.md
		docs\generated\table.md = docs\generated\table.md
		docs\generated\tablemapping.md = docs\generated\tablemapping.md
	EndProjectSection
EndProject
Project("{9A19103F-16F7-4668-BE54-9A1E7A4F7556}") = "NTangle.Template", "tools\NTangle.Template\NTangle.Template.csproj", "{AD6A38DA-9BB6-4650-A512-434EC19E8DDD}"
EndProject
Project("{9A19103F-16F7-4668-BE54-9A1E7A4F7556}") = "SqlServerDemo.Database", "samples\SqlServerDemo\SqlServerDemo.Database\SqlServerDemo.Database.csproj", "{467C4732-8A67-435C-9AB4-697CB89C4EE4}"
EndProject
Project("{2150E333-8FDC-42A3-9474-1A3956D46DE8}") = "Github Actions", "Github Actions", "{A06B7DBF-3FD5-452F-935D-9AFD8ADEA291}"
	ProjectSection(SolutionItems) = preProject
		.github\workflows\CI.yml = .github\workflows\CI.yml
	EndProjectSection
EndProject
Project("{2150E333-8FDC-42A3-9474-1A3956D46DE8}") = "ContactSync", "ContactSync", "{240EFA31-7366-47BD-8A56-B3312D06BB13}"
	ProjectSection(SolutionItems) = preProject
		samples\ContactSync\README.md = samples\ContactSync\README.md
	EndProjectSection
EndProject
Project("{2150E333-8FDC-42A3-9474-1A3956D46DE8}") = "OldApp", "OldApp", "{1FF28F16-F241-4EA0-9DD1-81E19C6A7EF5}"
EndProject
Project("{9A19103F-16F7-4668-BE54-9A1E7A4F7556}") = "ContactSync.OldApp.CodeGen", "samples\ContactSync\ContactSync.OldApp\ContactSync.OldApp.CodeGen\ContactSync.OldApp.CodeGen.csproj", "{9A1DDC23-4B62-43F6-8C4E-D5CB86E5D488}"
EndProject
Project("{9A19103F-16F7-4668-BE54-9A1E7A4F7556}") = "ContactSync.OldApp.Database", "samples\ContactSync\ContactSync.OldApp\ContactSync.OldApp.Database\ContactSync.OldApp.Database.csproj", "{4C20E9BE-2C69-419A-A775-75A11A707E63}"
EndProject
Project("{9A19103F-16F7-4668-BE54-9A1E7A4F7556}") = "ContactSync.OldApp.Publisher", "samples\ContactSync\ContactSync.OldApp\ContactSync.OldApp.Publisher\ContactSync.OldApp.Publisher.csproj", "{F48B08F9-57A5-405D-B40B-2D672A10CD5C}"
EndProject
Project("{2150E333-8FDC-42A3-9474-1A3956D46DE8}") = "NewApp", "NewApp", "{6855FFC2-39E7-48D4-AB5D-079D406390FC}"
EndProject
Project("{FAE04EC0-301F-11D3-BF4B-00C04F79EFBC}") = "ContactSync.NewApp.Database", "samples\ContactSync\ContactSync.NewApp\ContactSync.NewApp.Database\ContactSync.NewApp.Database.csproj", "{4BADE51C-EA1C-4A68-B591-8F148F5FF975}"
EndProject
Project("{FAE04EC0-301F-11D3-BF4B-00C04F79EFBC}") = "ContactSync.NewApp.Subscriber", "samples\ContactSync\ContactSync.NewApp\ContactSync.NewApp.Subscriber\ContactSync.NewApp.Subscriber.csproj", "{D6364CFB-DAAA-41E7-996F-8F1654EECF10}"
EndProject
Global
	GlobalSection(SolutionConfigurationPlatforms) = preSolution
		Debug|Any CPU = Debug|Any CPU
		Release|Any CPU = Release|Any CPU
	EndGlobalSection
	GlobalSection(ProjectConfigurationPlatforms) = postSolution
		{3DE3E0B8-4078-422C-B331-F14BC779489F}.Debug|Any CPU.ActiveCfg = Debug|Any CPU
		{3DE3E0B8-4078-422C-B331-F14BC779489F}.Debug|Any CPU.Build.0 = Debug|Any CPU
		{3DE3E0B8-4078-422C-B331-F14BC779489F}.Release|Any CPU.ActiveCfg = Release|Any CPU
		{3DE3E0B8-4078-422C-B331-F14BC779489F}.Release|Any CPU.Build.0 = Release|Any CPU
		{F2B7EC0C-9268-4E15-B014-6598682BFF4A}.Debug|Any CPU.ActiveCfg = Debug|Any CPU
		{F2B7EC0C-9268-4E15-B014-6598682BFF4A}.Debug|Any CPU.Build.0 = Debug|Any CPU
		{F2B7EC0C-9268-4E15-B014-6598682BFF4A}.Release|Any CPU.ActiveCfg = Release|Any CPU
		{F2B7EC0C-9268-4E15-B014-6598682BFF4A}.Release|Any CPU.Build.0 = Release|Any CPU
		{1335C8D9-27AF-4BA2-AAB3-620841FCAEE9}.Debug|Any CPU.ActiveCfg = Debug|Any CPU
		{1335C8D9-27AF-4BA2-AAB3-620841FCAEE9}.Debug|Any CPU.Build.0 = Debug|Any CPU
		{1335C8D9-27AF-4BA2-AAB3-620841FCAEE9}.Release|Any CPU.ActiveCfg = Release|Any CPU
		{1335C8D9-27AF-4BA2-AAB3-620841FCAEE9}.Release|Any CPU.Build.0 = Release|Any CPU
		{3BA33E87-F92A-444E-A67D-224A9BC605E3}.Debug|Any CPU.ActiveCfg = Debug|Any CPU
		{3BA33E87-F92A-444E-A67D-224A9BC605E3}.Debug|Any CPU.Build.0 = Debug|Any CPU
		{3BA33E87-F92A-444E-A67D-224A9BC605E3}.Release|Any CPU.ActiveCfg = Release|Any CPU
		{3BA33E87-F92A-444E-A67D-224A9BC605E3}.Release|Any CPU.Build.0 = Release|Any CPU
		{A5F7177D-3747-45DF-BAF0-1E5F466A8C3C}.Debug|Any CPU.ActiveCfg = Debug|Any CPU
		{A5F7177D-3747-45DF-BAF0-1E5F466A8C3C}.Debug|Any CPU.Build.0 = Debug|Any CPU
		{A5F7177D-3747-45DF-BAF0-1E5F466A8C3C}.Release|Any CPU.ActiveCfg = Release|Any CPU
		{A5F7177D-3747-45DF-BAF0-1E5F466A8C3C}.Release|Any CPU.Build.0 = Release|Any CPU
		{D43AAE26-31A4-4F9B-9521-0A7CEB776386}.Debug|Any CPU.ActiveCfg = Debug|Any CPU
		{D43AAE26-31A4-4F9B-9521-0A7CEB776386}.Debug|Any CPU.Build.0 = Debug|Any CPU
		{D43AAE26-31A4-4F9B-9521-0A7CEB776386}.Release|Any CPU.ActiveCfg = Release|Any CPU
		{D43AAE26-31A4-4F9B-9521-0A7CEB776386}.Release|Any CPU.Build.0 = Release|Any CPU
		{AD6A38DA-9BB6-4650-A512-434EC19E8DDD}.Debug|Any CPU.ActiveCfg = Debug|Any CPU
		{AD6A38DA-9BB6-4650-A512-434EC19E8DDD}.Debug|Any CPU.Build.0 = Debug|Any CPU
		{AD6A38DA-9BB6-4650-A512-434EC19E8DDD}.Release|Any CPU.ActiveCfg = Release|Any CPU
		{AD6A38DA-9BB6-4650-A512-434EC19E8DDD}.Release|Any CPU.Build.0 = Release|Any CPU
		{467C4732-8A67-435C-9AB4-697CB89C4EE4}.Debug|Any CPU.ActiveCfg = Debug|Any CPU
		{467C4732-8A67-435C-9AB4-697CB89C4EE4}.Debug|Any CPU.Build.0 = Debug|Any CPU
		{467C4732-8A67-435C-9AB4-697CB89C4EE4}.Release|Any CPU.ActiveCfg = Release|Any CPU
		{467C4732-8A67-435C-9AB4-697CB89C4EE4}.Release|Any CPU.Build.0 = Release|Any CPU
		{9A1DDC23-4B62-43F6-8C4E-D5CB86E5D488}.Debug|Any CPU.ActiveCfg = Debug|Any CPU
		{9A1DDC23-4B62-43F6-8C4E-D5CB86E5D488}.Debug|Any CPU.Build.0 = Debug|Any CPU
		{9A1DDC23-4B62-43F6-8C4E-D5CB86E5D488}.Release|Any CPU.ActiveCfg = Release|Any CPU
		{9A1DDC23-4B62-43F6-8C4E-D5CB86E5D488}.Release|Any CPU.Build.0 = Release|Any CPU
		{4C20E9BE-2C69-419A-A775-75A11A707E63}.Debug|Any CPU.ActiveCfg = Debug|Any CPU
		{4C20E9BE-2C69-419A-A775-75A11A707E63}.Debug|Any CPU.Build.0 = Debug|Any CPU
		{4C20E9BE-2C69-419A-A775-75A11A707E63}.Release|Any CPU.ActiveCfg = Release|Any CPU
		{4C20E9BE-2C69-419A-A775-75A11A707E63}.Release|Any CPU.Build.0 = Release|Any CPU
		{F48B08F9-57A5-405D-B40B-2D672A10CD5C}.Debug|Any CPU.ActiveCfg = Debug|Any CPU
		{F48B08F9-57A5-405D-B40B-2D672A10CD5C}.Debug|Any CPU.Build.0 = Debug|Any CPU
		{F48B08F9-57A5-405D-B40B-2D672A10CD5C}.Release|Any CPU.ActiveCfg = Release|Any CPU
		{F48B08F9-57A5-405D-B40B-2D672A10CD5C}.Release|Any CPU.Build.0 = Release|Any CPU
		{4BADE51C-EA1C-4A68-B591-8F148F5FF975}.Debug|Any CPU.ActiveCfg = Debug|Any CPU
		{4BADE51C-EA1C-4A68-B591-8F148F5FF975}.Debug|Any CPU.Build.0 = Debug|Any CPU
		{4BADE51C-EA1C-4A68-B591-8F148F5FF975}.Release|Any CPU.ActiveCfg = Release|Any CPU
		{4BADE51C-EA1C-4A68-B591-8F148F5FF975}.Release|Any CPU.Build.0 = Release|Any CPU
		{D6364CFB-DAAA-41E7-996F-8F1654EECF10}.Debug|Any CPU.ActiveCfg = Debug|Any CPU
		{D6364CFB-DAAA-41E7-996F-8F1654EECF10}.Debug|Any CPU.Build.0 = Debug|Any CPU
		{D6364CFB-DAAA-41E7-996F-8F1654EECF10}.Release|Any CPU.ActiveCfg = Release|Any CPU
		{D6364CFB-DAAA-41E7-996F-8F1654EECF10}.Release|Any CPU.Build.0 = Release|Any CPU
	EndGlobalSection
	GlobalSection(SolutionProperties) = preSolution
		HideSolutionNode = FALSE
	EndGlobalSection
	GlobalSection(NestedProjects) = preSolution
		{F2B7EC0C-9268-4E15-B014-6598682BFF4A} = {07E22463-39F6-4CBC-9790-CF858A88091F}
		{54E2D3C7-1AC1-4EA6-A8CA-42EC12A6E299} = {3A0B49DA-7D84-4B96-A4F3-FAF77C3E2FB3}
		{1335C8D9-27AF-4BA2-AAB3-620841FCAEE9} = {54E2D3C7-1AC1-4EA6-A8CA-42EC12A6E299}
		{3BA33E87-F92A-444E-A67D-224A9BC605E3} = {54E2D3C7-1AC1-4EA6-A8CA-42EC12A6E299}
		{A5F7177D-3747-45DF-BAF0-1E5F466A8C3C} = {54E2D3C7-1AC1-4EA6-A8CA-42EC12A6E299}
		{D43AAE26-31A4-4F9B-9521-0A7CEB776386} = {780B69CA-D467-45CF-B115-A3FEB0B88BD1}
		{54D9318B-8D30-41FF-A5DD-554C13AC62F3} = {5B2FCA11-CC69-40D7-9FC3-DC7707C77D45}
		{AD6A38DA-9BB6-4650-A512-434EC19E8DDD} = {780B69CA-D467-45CF-B115-A3FEB0B88BD1}
		{467C4732-8A67-435C-9AB4-697CB89C4EE4} = {54E2D3C7-1AC1-4EA6-A8CA-42EC12A6E299}
		{240EFA31-7366-47BD-8A56-B3312D06BB13} = {3A0B49DA-7D84-4B96-A4F3-FAF77C3E2FB3}
		{1FF28F16-F241-4EA0-9DD1-81E19C6A7EF5} = {240EFA31-7366-47BD-8A56-B3312D06BB13}
		{9A1DDC23-4B62-43F6-8C4E-D5CB86E5D488} = {1FF28F16-F241-4EA0-9DD1-81E19C6A7EF5}
		{4C20E9BE-2C69-419A-A775-75A11A707E63} = {1FF28F16-F241-4EA0-9DD1-81E19C6A7EF5}
		{F48B08F9-57A5-405D-B40B-2D672A10CD5C} = {1FF28F16-F241-4EA0-9DD1-81E19C6A7EF5}
		{6855FFC2-39E7-48D4-AB5D-079D406390FC} = {240EFA31-7366-47BD-8A56-B3312D06BB13}
		{4BADE51C-EA1C-4A68-B591-8F148F5FF975} = {6855FFC2-39E7-48D4-AB5D-079D406390FC}
		{D6364CFB-DAAA-41E7-996F-8F1654EECF10} = {6855FFC2-39E7-48D4-AB5D-079D406390FC}
	EndGlobalSection
	GlobalSection(ExtensibilityGlobals) = postSolution
		SolutionGuid = {B97E5639-3430-4AD7-9942-D35EF26F263B}
	EndGlobalSection
EndGlobal
